
Microsoft Visual Studio Solution File, Format Version 12.00
# Visual Studio 2012
Project("{FAE04EC0-301F-11D3-BF4B-00C04F79EFBC}") = "WrLib.Utils.StringExpander", "src\WrLib.Utils.StringExpander\WrLib.Utils.StringExpander.csproj", "{59E3A612-57FB-4A70-AD4A-0F07F97DDC93}"
EndProject
Project("{2150E333-8FDC-42A3-9474-1A3956D46DE8}") = "test", "test", "{D6EECADE-6AE0-484E-BB61-F999ABEF0A18}"
EndProject
Project("{FAE04EC0-301F-11D3-BF4B-00C04F79EFBC}") = "WrLib.Utils.StringExpander.Test", "test\WrLib.Utils.StringExpander.Test\WrLib.Utils.StringExpander.Test.csproj", "{89417C89-EDF6-451E-9925-8FF1468FEF93}"
EndProject
Project("{2150E333-8FDC-42A3-9474-1A3956D46DE8}") = "Solution Items", "Solution Items", "{0913792E-738C-471E-B5BA-561C275C328E}"
	ProjectSection(SolutionItems) = preProject
		LICENSE = LICENSE
	EndProjectSection
EndProject
Global
	GlobalSection(SolutionConfigurationPlatforms) = preSolution
		Debug|Any CPU = Debug|Any CPU
		Release|Any CPU = Release|Any CPU
	EndGlobalSection
	GlobalSection(ProjectConfigurationPlatforms) = postSolution
		{59E3A612-57FB-4A70-AD4A-0F07F97DDC93}.Debug|Any CPU.ActiveCfg = Debug|Any CPU
		{59E3A612-57FB-4A70-AD4A-0F07F97DDC93}.Debug|Any CPU.Build.0 = Debug|Any CPU
		{59E3A612-57FB-4A70-AD4A-0F07F97DDC93}.Release|Any CPU.ActiveCfg = Release|Any CPU
		{59E3A612-57FB-4A70-AD4A-0F07F97DDC93}.Release|Any CPU.Build.0 = Release|Any CPU
		{89417C89-EDF6-451E-9925-8FF1468FEF93}.Debug|Any CPU.ActiveCfg = Debug|Any CPU
		{89417C89-EDF6-451E-9925-8FF1468FEF93}.Debug|Any CPU.Build.0 = Debug|Any CPU
		{89417C89-EDF6-451E-9925-8FF1468FEF93}.Release|Any CPU.ActiveCfg = Release|Any CPU
		{89417C89-EDF6-451E-9925-8FF1468FEF93}.Release|Any CPU.Build.0 = Release|Any CPU
	EndGlobalSection
	GlobalSection(SolutionProperties) = preSolution
		HideSolutionNode = FALSE
	EndGlobalSection
	GlobalSection(NestedProjects) = preSolution
		{89417C89-EDF6-451E-9925-8FF1468FEF93} = {D6EECADE-6AE0-484E-BB61-F999ABEF0A18}
	EndGlobalSection
EndGlobal
